
Microsoft Visual Studio Solution File, Format Version 12.00
# Visual Studio 11
Project("{FAE04EC0-301F-11D3-BF4B-00C04F79EFBC}") = "DynamicsNAVProtocolHandler", "NVR_DynamicsNAVProtocolHandler\DynamicsNAVProtocolHandler.csproj", "{9CB279FE-31D2-48A1-AE26-B5636FE78B10}"
EndProject
Project("{FAE04EC0-301F-11D3-BF4B-00C04F79EFBC}") = "Win32Helper", "Win32Helper\Win32Helper.csproj", "{FC7053FB-CE1D-41D8-A5BC-5705DF3C9AD8}"
EndProject
Project("{FAE04EC0-301F-11D3-BF4B-00C04F79EFBC}") = "NAV_ROT", "NAV_ROT\NAV_ROT.csproj", "{03EDA0AC-F863-426E-BE6B-BD9D5D8F5131}"
EndProject
Global
	GlobalSection(TeamFoundationVersionControl) = preSolution
		SccEnterpriseProvider = {4CA58AB2-18FA-4F8D-95D4-32DDF27D184C}
		SccLocalPath0 = .
		SccLocalPath1 = NVR_DynamicsNAVProtocolHandler
		SccLocalPath2 = Win32Helper
		SccLocalPath3 = NAV_ROT
		SccNumberOfProjects = 4
		SccProjectName1 = NVR_DynamicsNAVProtocolHandler
		SccProjectName2 = Win32Helper
		SccProjectName3 = NAV_ROT
		SccProjectUniqueName1 = NVR_DynamicsNAVProtocolHandler\\DynamicsNAVProtocolHandler.csproj
		SccProjectUniqueName2 = Win32Helper\\Win32Helper.csproj
		SccProjectUniqueName3 = NAV_ROT\\NAV_ROT.csproj
		SccTeamFoundationServer = https://tfs.codeplex.com/tfs/tfs37
	EndGlobalSection
	GlobalSection(SolutionConfigurationPlatforms) = preSolution
		Debug|Any CPU = Debug|Any CPU
		Release|Any CPU = Release|Any CPU
	EndGlobalSection
	GlobalSection(ProjectConfigurationPlatforms) = postSolution
		{03EDA0AC-F863-426E-BE6B-BD9D5D8F5131}.Debug|Any CPU.ActiveCfg = Debug|Any CPU
		{03EDA0AC-F863-426E-BE6B-BD9D5D8F5131}.Debug|Any CPU.Build.0 = Debug|Any CPU
		{03EDA0AC-F863-426E-BE6B-BD9D5D8F5131}.Release|Any CPU.ActiveCfg = Release|Any CPU
		{03EDA0AC-F863-426E-BE6B-BD9D5D8F5131}.Release|Any CPU.Build.0 = Release|Any CPU
		{9CB279FE-31D2-48A1-AE26-B5636FE78B10}.Debug|Any CPU.ActiveCfg = Debug|Any CPU
		{9CB279FE-31D2-48A1-AE26-B5636FE78B10}.Debug|Any CPU.Build.0 = Debug|Any CPU
		{9CB279FE-31D2-48A1-AE26-B5636FE78B10}.Release|Any CPU.ActiveCfg = Release|Any CPU
		{9CB279FE-31D2-48A1-AE26-B5636FE78B10}.Release|Any CPU.Build.0 = Release|Any CPU
		{FC7053FB-CE1D-41D8-A5BC-5705DF3C9AD8}.Debug|Any CPU.ActiveCfg = Debug|Any CPU
		{FC7053FB-CE1D-41D8-A5BC-5705DF3C9AD8}.Debug|Any CPU.Build.0 = Debug|Any CPU
		{FC7053FB-CE1D-41D8-A5BC-5705DF3C9AD8}.Release|Any CPU.ActiveCfg = Release|Any CPU
		{FC7053FB-CE1D-41D8-A5BC-5705DF3C9AD8}.Release|Any CPU.Build.0 = Release|Any CPU
	EndGlobalSection
	GlobalSection(SolutionProperties) = preSolution
		HideSolutionNode = FALSE
	EndGlobalSection
EndGlobal
